// !$*UTF8*$!
{
	archiveVersion = 1;
	classes = {
	};
	objectVersion = 48;
	objects = {

/* Begin PBXBuildFile section */
		1277B34720690D2100327076 /* AppDelegate.m in Sources */ = {isa = PBXBuildFile; fileRef = 1277B34620690D2100327076 /* AppDelegate.m */; };
		1277B34A20690D2100327076 /* ViewController.m in Sources */ = {isa = PBXBuildFile; fileRef = 1277B34920690D2100327076 /* ViewController.m */; };
		1277B34D20690D2100327076 /* Main.storyboard in Resources */ = {isa = PBXBuildFile; fileRef = 1277B34B20690D2100327076 /* Main.storyboard */; };
		1277B34F20690D2100327076 /* Assets.xcassets in Resources */ = {isa = PBXBuildFile; fileRef = 1277B34E20690D2100327076 /* Assets.xcassets */; };
		1277B35220690D2100327076 /* LaunchScreen.storyboard in Resources */ = {isa = PBXBuildFile; fileRef = 1277B35020690D2100327076 /* LaunchScreen.storyboard */; };
		1277B35520690D2100327076 /* main.m in Sources */ = {isa = PBXBuildFile; fileRef = 1277B35420690D2100327076 /* main.m */; };
		1277B35F20690D2100327076 /* TestAppTests.m in Sources */ = {isa = PBXBuildFile; fileRef = 1277B35E20690D2100327076 /* TestAppTests.m */; };
		1277B36A20690D2100327076 /* TestAppUITests.m in Sources */ = {isa = PBXBuildFile; fileRef = 1277B36920690D2100327076 /* TestAppUITests.m */; };
		1277B3792069143400327076 /* Person.m in Sources */ = {isa = PBXBuildFile; fileRef = 1277B3782069143400327076 /* Person.m */; };
/* End PBXBuildFile section */

/* Begin PBXContainerItemProxy section */
		1277B35B20690D2100327076 /* PBXContainerItemProxy */ = {
			isa = PBXContainerItemProxy;
			containerPortal = 1277B33A20690D2100327076 /* Project object */;
			proxyType = 1;
			remoteGlobalIDString = 1277B34120690D2100327076;
			remoteInfo = TestApp;
		};
		1277B36620690D2100327076 /* PBXContainerItemProxy */ = {
			isa = PBXContainerItemProxy;
			containerPortal = 1277B33A20690D2100327076 /* Project object */;
			proxyType = 1;
			remoteGlobalIDString = 1277B34120690D2100327076;
			remoteInfo = TestApp;
		};
/* End PBXContainerItemProxy section */

/* Begin PBXFileReference section */
		1277B34220690D2100327076 /* TestApp.app */ = {isa = PBXFileReference; explicitFileType = wrapper.application; includeInIndex = 0; path = TestApp.app; sourceTree = BUILT_PRODUCTS_DIR; };
		1277B34520690D2100327076 /* AppDelegate.h */ = {isa = PBXFileReference; lastKnownFileType = sourcecode.c.h; path = AppDelegate.h; sourceTree = "<group>"; };
		1277B34620690D2100327076 /* AppDelegate.m */ = {isa = PBXFileReference; lastKnownFileType = sourcecode.c.objc; path = AppDelegate.m; sourceTree = "<group>"; };
		1277B34820690D2100327076 /* ViewController.h */ = {isa = PBXFileReference; lastKnownFileType = sourcecode.c.h; path = ViewController.h; sourceTree = "<group>"; };
		1277B34920690D2100327076 /* ViewController.m */ = {isa = PBXFileReference; lastKnownFileType = sourcecode.c.objc; path = ViewController.m; sourceTree = "<group>"; };
		1277B34C20690D2100327076 /* Base */ = {isa = PBXFileReference; lastKnownFileType = file.storyboard; name = Base; path = Base.lproj/Main.storyboard; sourceTree = "<group>"; };
		1277B34E20690D2100327076 /* Assets.xcassets */ = {isa = PBXFileReference; lastKnownFileType = folder.assetcatalog; path = Assets.xcassets; sourceTree = "<group>"; };
		1277B35120690D2100327076 /* Base */ = {isa = PBXFileReference; lastKnownFileType = file.storyboard; name = Base; path = Base.lproj/LaunchScreen.storyboard; sourceTree = "<group>"; };
		1277B35320690D2100327076 /* Info.plist */ = {isa = PBXFileReference; lastKnownFileType = text.plist.xml; path = Info.plist; sourceTree = "<group>"; };
		1277B35420690D2100327076 /* main.m */ = {isa = PBXFileReference; lastKnownFileType = sourcecode.c.objc; path = main.m; sourceTree = "<group>"; };
		1277B35A20690D2100327076 /* TestAppTests.xctest */ = {isa = PBXFileReference; explicitFileType = wrapper.cfbundle; includeInIndex = 0; path = TestAppTests.xctest; sourceTree = BUILT_PRODUCTS_DIR; };
		1277B35E20690D2100327076 /* TestAppTests.m */ = {isa = PBXFileReference; lastKnownFileType = sourcecode.c.objc; path = TestAppTests.m; sourceTree = "<group>"; };
		1277B36020690D2100327076 /* Info.plist */ = {isa = PBXFileReference; lastKnownFileType = text.plist.xml; path = Info.plist; sourceTree = "<group>"; };
		1277B36520690D2100327076 /* TestAppUITests.xctest */ = {isa = PBXFileReference; explicitFileType = wrapper.cfbundle; includeInIndex = 0; path = TestAppUITests.xctest; sourceTree = BUILT_PRODUCTS_DIR; };
		1277B36920690D2100327076 /* TestAppUITests.m */ = {isa = PBXFileReference; lastKnownFileType = sourcecode.c.objc; path = TestAppUITests.m; sourceTree = "<group>"; };
		1277B36B20690D2100327076 /* Info.plist */ = {isa = PBXFileReference; lastKnownFileType = text.plist.xml; path = Info.plist; sourceTree = "<group>"; };
		1277B3772069143300327076 /* Person.h */ = {isa = PBXFileReference; lastKnownFileType = sourcecode.c.h; path = Person.h; sourceTree = "<group>"; };
		1277B3782069143400327076 /* Person.m */ = {isa = PBXFileReference; lastKnownFileType = sourcecode.c.objc; path = Person.m; sourceTree = "<group>"; };
/* End PBXFileReference section */

/* Begin PBXFrameworksBuildPhase section */
		1277B33F20690D2100327076 /* Frameworks */ = {
			isa = PBXFrameworksBuildPhase;
			buildActionMask = 2147483647;
			files = (
			);
			runOnlyForDeploymentPostprocessing = 0;
		};
		1277B35720690D2100327076 /* Frameworks */ = {
			isa = PBXFrameworksBuildPhase;
			buildActionMask = 2147483647;
			files = (
			);
			runOnlyForDeploymentPostprocessing = 0;
		};
		1277B36220690D2100327076 /* Frameworks */ = {
			isa = PBXFrameworksBuildPhase;
			buildActionMask = 2147483647;
			files = (
			);
			runOnlyForDeploymentPostprocessing = 0;
		};
/* End PBXFrameworksBuildPhase section */

/* Begin PBXGroup section */
		1277B33920690D2100327076 = {
			isa = PBXGroup;
			children = (
				1277B34420690D2100327076 /* TestApp */,
				1277B35D20690D2100327076 /* TestAppTests */,
				1277B36820690D2100327076 /* TestAppUITests */,
				1277B34320690D2100327076 /* Products */,
			);
			sourceTree = "<group>";
		};
		1277B34320690D2100327076 /* Products */ = {
			isa = PBXGroup;
			children = (
				1277B34220690D2100327076 /* TestApp.app */,
				1277B35A20690D2100327076 /* TestAppTests.xctest */,
				1277B36520690D2100327076 /* TestAppUITests.xctest */,
			);
			name = Products;
			sourceTree = "<group>";
		};
		1277B34420690D2100327076 /* TestApp */ = {
			isa = PBXGroup;
			children = (
				1277B34520690D2100327076 /* AppDelegate.h */,
				1277B34620690D2100327076 /* AppDelegate.m */,
				1277B34820690D2100327076 /* ViewController.h */,
				1277B34920690D2100327076 /* ViewController.m */,
				1277B3772069143300327076 /* Person.h */,
				1277B3782069143400327076 /* Person.m */,
				1277B34B20690D2100327076 /* Main.storyboard */,
				1277B34E20690D2100327076 /* Assets.xcassets */,
				1277B35020690D2100327076 /* LaunchScreen.storyboard */,
				1277B35320690D2100327076 /* Info.plist */,
				1277B35420690D2100327076 /* main.m */,
			);
			path = TestApp;
			sourceTree = "<group>";
		};
		1277B35D20690D2100327076 /* TestAppTests */ = {
			isa = PBXGroup;
			children = (
				1277B35E20690D2100327076 /* TestAppTests.m */,
				1277B36020690D2100327076 /* Info.plist */,
			);
			path = TestAppTests;
			sourceTree = "<group>";
		};
		1277B36820690D2100327076 /* TestAppUITests */ = {
			isa = PBXGroup;
			children = (
				1277B36920690D2100327076 /* TestAppUITests.m */,
				1277B36B20690D2100327076 /* Info.plist */,
			);
			path = TestAppUITests;
			sourceTree = "<group>";
		};
/* End PBXGroup section */

/* Begin PBXNativeTarget section */
		1277B34120690D2100327076 /* TestApp */ = {
			isa = PBXNativeTarget;
			buildConfigurationList = 1277B36E20690D2100327076 /* Build configuration list for PBXNativeTarget "TestApp" */;
			buildPhases = (
				1277B33E20690D2100327076 /* Sources */,
				1277B33F20690D2100327076 /* Frameworks */,
				1277B34020690D2100327076 /* Resources */,
			);
			buildRules = (
			);
			dependencies = (
			);
			name = TestApp;
			productName = TestApp;
			productReference = 1277B34220690D2100327076 /* TestApp.app */;
			productType = "com.apple.product-type.application";
		};
		1277B35920690D2100327076 /* TestAppTests */ = {
			isa = PBXNativeTarget;
			buildConfigurationList = 1277B37120690D2100327076 /* Build configuration list for PBXNativeTarget "TestAppTests" */;
			buildPhases = (
				1277B35620690D2100327076 /* Sources */,
				1277B35720690D2100327076 /* Frameworks */,
				1277B35820690D2100327076 /* Resources */,
			);
			buildRules = (
			);
			dependencies = (
				1277B35C20690D2100327076 /* PBXTargetDependency */,
			);
			name = TestAppTests;
			productName = TestAppTests;
			productReference = 1277B35A20690D2100327076 /* TestAppTests.xctest */;
			productType = "com.apple.product-type.bundle.unit-test";
		};
		1277B36420690D2100327076 /* TestAppUITests */ = {
			isa = PBXNativeTarget;
			buildConfigurationList = 1277B37420690D2100327076 /* Build configuration list for PBXNativeTarget "TestAppUITests" */;
			buildPhases = (
				1277B36120690D2100327076 /* Sources */,
				1277B36220690D2100327076 /* Frameworks */,
				1277B36320690D2100327076 /* Resources */,
			);
			buildRules = (
			);
			dependencies = (
				1277B36720690D2100327076 /* PBXTargetDependency */,
			);
			name = TestAppUITests;
			productName = TestAppUITests;
			productReference = 1277B36520690D2100327076 /* TestAppUITests.xctest */;
			productType = "com.apple.product-type.bundle.ui-testing";
		};
/* End PBXNativeTarget section */

/* Begin PBXProject section */
		1277B33A20690D2100327076 /* Project object */ = {
			isa = PBXProject;
			attributes = {
				LastUpgradeCheck = 0920;
				ORGANIZATIONNAME = "Mr.KF Mac Pro";
				TargetAttributes = {
					1277B34120690D2100327076 = {
						CreatedOnToolsVersion = 9.2;
						ProvisioningStyle = Automatic;
					};
					1277B35920690D2100327076 = {
						CreatedOnToolsVersion = 9.2;
						ProvisioningStyle = Automatic;
						TestTargetID = 1277B34120690D2100327076;
					};
					1277B36420690D2100327076 = {
						CreatedOnToolsVersion = 9.2;
						ProvisioningStyle = Automatic;
						TestTargetID = 1277B34120690D2100327076;
					};
				};
			};
			buildConfigurationList = 1277B33D20690D2100327076 /* Build configuration list for PBXProject "TestApp" */;
			compatibilityVersion = "Xcode 8.0";
			developmentRegion = en;
			hasScannedForEncodings = 0;
			knownRegions = (
				en,
				Base,
			);
			mainGroup = 1277B33920690D2100327076;
			productRefGroup = 1277B34320690D2100327076 /* Products */;
			projectDirPath = "";
			projectRoot = "";
			targets = (
				1277B34120690D2100327076 /* TestApp */,
				1277B35920690D2100327076 /* TestAppTests */,
				1277B36420690D2100327076 /* TestAppUITests */,
			);
		};
/* End PBXProject section */

/* Begin PBXResourcesBuildPhase section */
		1277B34020690D2100327076 /* Resources */ = {
			isa = PBXResourcesBuildPhase;
			buildActionMask = 2147483647;
			files = (
				1277B35220690D2100327076 /* LaunchScreen.storyboard in Resources */,
				1277B34F20690D2100327076 /* Assets.xcassets in Resources */,
				1277B34D20690D2100327076 /* Main.storyboard in Resources */,
			);
			runOnlyForDeploymentPostprocessing = 0;
		};
		1277B35820690D2100327076 /* Resources */ = {
			isa = PBXResourcesBuildPhase;
			buildActionMask = 2147483647;
			files = (
			);
			runOnlyForDeploymentPostprocessing = 0;
		};
		1277B36320690D2100327076 /* Resources */ = {
			isa = PBXResourcesBuildPhase;
			buildActionMask = 2147483647;
			files = (
			);
			runOnlyForDeploymentPostprocessing = 0;
		};
/* End PBXResourcesBuildPhase section */

/* Begin PBXSourcesBuildPhase section */
		1277B33E20690D2100327076 /* Sources */ = {
			isa = PBXSourcesBuildPhase;
			buildActionMask = 2147483647;
			files = (
				1277B34A20690D2100327076 /* ViewController.m in Sources */,
				1277B35520690D2100327076 /* main.m in Sources */,
				1277B3792069143400327076 /* Person.m in Sources */,
				1277B34720690D2100327076 /* AppDelegate.m in Sources */,
			);
			runOnlyForDeploymentPostprocessing = 0;
		};
		1277B35620690D2100327076 /* Sources */ = {
			isa = PBXSourcesBuildPhase;
			buildActionMask = 2147483647;
			files = (
				1277B35F20690D2100327076 /* TestAppTests.m in Sources */,
			);
			runOnlyForDeploymentPostprocessing = 0;
		};
		1277B36120690D2100327076 /* Sources */ = {
			isa = PBXSourcesBuildPhase;
			buildActionMask = 2147483647;
			files = (
				1277B36A20690D2100327076 /* TestAppUITests.m in Sources */,
			);
			runOnlyForDeploymentPostprocessing = 0;
		};
/* End PBXSourcesBuildPhase section */

/* Begin PBXTargetDependency section */
		1277B35C20690D2100327076 /* PBXTargetDependency */ = {
			isa = PBXTargetDependency;
			target = 1277B34120690D2100327076 /* TestApp */;
			targetProxy = 1277B35B20690D2100327076 /* PBXContainerItemProxy */;
		};
		1277B36720690D2100327076 /* PBXTargetDependency */ = {
			isa = PBXTargetDependency;
			target = 1277B34120690D2100327076 /* TestApp */;
			targetProxy = 1277B36620690D2100327076 /* PBXContainerItemProxy */;
		};
/* End PBXTargetDependency section */

/* Begin PBXVariantGroup section */
		1277B34B20690D2100327076 /* Main.storyboard */ = {
			isa = PBXVariantGroup;
			children = (
				1277B34C20690D2100327076 /* Base */,
			);
			name = Main.storyboard;
			sourceTree = "<group>";
		};
		1277B35020690D2100327076 /* LaunchScreen.storyboard */ = {
			isa = PBXVariantGroup;
			children = (
				1277B35120690D2100327076 /* Base */,
			);
			name = LaunchScreen.storyboard;
			sourceTree = "<group>";
		};
/* End PBXVariantGroup section */

/* Begin XCBuildConfiguration section */
		1277B36C20690D2100327076 /* Debug */ = {
			isa = XCBuildConfiguration;
			buildSettings = {
				ALWAYS_SEARCH_USER_PATHS = NO;
				CLANG_ANALYZER_NONNULL = YES;
				CLANG_ANALYZER_NUMBER_OBJECT_CONVERSION = YES_AGGRESSIVE;
				CLANG_CXX_LANGUAGE_STANDARD = "gnu++14";
				CLANG_CXX_LIBRARY = "libc++";
				CLANG_ENABLE_MODULES = YES;
				CLANG_ENABLE_OBJC_ARC = YES;
				CLANG_WARN_BLOCK_CAPTURE_AUTORELEASING = YES;
				CLANG_WARN_BOOL_CONVERSION = YES;
				CLANG_WARN_COMMA = YES;
				CLANG_WARN_CONSTANT_CONVERSION = YES;
				CLANG_WARN_DIRECT_OBJC_ISA_USAGE = YES_ERROR;
				CLANG_WARN_DOCUMENTATION_COMMENTS = YES;
				CLANG_WARN_EMPTY_BODY = YES;
				CLANG_WARN_ENUM_CONVERSION = YES;
				CLANG_WARN_INFINITE_RECURSION = YES;
				CLANG_WARN_INT_CONVERSION = YES;
				CLANG_WARN_NON_LITERAL_NULL_CONVERSION = YES;
				CLANG_WARN_OBJC_LITERAL_CONVERSION = YES;
				CLANG_WARN_OBJC_ROOT_CLASS = YES_ERROR;
				CLANG_WARN_RANGE_LOOP_ANALYSIS = YES;
				CLANG_WARN_STRICT_PROTOTYPES = YES;
				CLANG_WARN_SUSPICIOUS_MOVE = YES;
				CLANG_WARN_UNGUARDED_AVAILABILITY = YES_AGGRESSIVE;
				CLANG_WARN_UNREACHABLE_CODE = YES;
				CLANG_WARN__DUPLICATE_METHOD_MATCH = YES;
				CODE_SIGN_IDENTITY = "iPhone Developer";
				COPY_PHASE_STRIP = NO;
				DEBUG_INFORMATION_FORMAT = dwarf;
				ENABLE_STRICT_OBJC_MSGSEND = YES;
				ENABLE_TESTABILITY = YES;
				GCC_C_LANGUAGE_STANDARD = gnu11;
				GCC_DYNAMIC_NO_PIC = NO;
				GCC_NO_COMMON_BLOCKS = YES;
				GCC_OPTIMIZATION_LEVEL = 0;
				GCC_PREPROCESSOR_DEFINITIONS = (
					"DEBUG=1",
					"$(inherited)",
				);
				GCC_WARN_64_TO_32_BIT_CONVERSION = YES;
				GCC_WARN_ABOUT_RETURN_TYPE = YES_ERROR;
				GCC_WARN_UNDECLARED_SELECTOR = YES;
				GCC_WARN_UNINITIALIZED_AUTOS = YES_AGGRESSIVE;
				GCC_WARN_UNUSED_FUNCTION = YES;
				GCC_WARN_UNUSED_VARIABLE = YES;
				IPHONEOS_DEPLOYMENT_TARGET = 11.2;
				MTL_ENABLE_DEBUG_INFO = YES;
				ONLY_ACTIVE_ARCH = YES;
				SDKROOT = iphoneos;
			};
			name = Debug;
		};
		1277B36D20690D2100327076 /* Release */ = {
			isa = XCBuildConfiguration;
			buildSettings = {
				ALWAYS_SEARCH_USER_PATHS = NO;
				CLANG_ANALYZER_NONNULL = YES;
				CLANG_ANALYZER_NUMBER_OBJECT_CONVERSION = YES_AGGRESSIVE;
				CLANG_CXX_LANGUAGE_STANDARD = "gnu++14";
				CLANG_CXX_LIBRARY = "libc++";
				CLANG_ENABLE_MODULES = YES;
				CLANG_ENABLE_OBJC_ARC = YES;
				CLANG_WARN_BLOCK_CAPTURE_AUTORELEASING = YES;
				CLANG_WARN_BOOL_CONVERSION = YES;
				CLANG_WARN_COMMA = YES;
				CLANG_WARN_CONSTANT_CONVERSION = YES;
				CLANG_WARN_DIRECT_OBJC_ISA_USAGE = YES_ERROR;
				CLANG_WARN_DOCUMENTATION_COMMENTS = YES;
				CLANG_WARN_EMPTY_BODY = YES;
				CLANG_WARN_ENUM_CONVERSION = YES;
				CLANG_WARN_INFINITE_RECURSION = YES;
				CLANG_WARN_INT_CONVERSION = YES;
				CLANG_WARN_NON_LITERAL_NULL_CONVERSION = YES;
				CLANG_WARN_OBJC_LITERAL_CONVERSION = YES;
				CLANG_WARN_OBJC_ROOT_CLASS = YES_ERROR;
				CLANG_WARN_RANGE_LOOP_ANALYSIS = YES;
				CLANG_WARN_STRICT_PROTOTYPES = YES;
				CLANG_WARN_SUSPICIOUS_MOVE = YES;
				CLANG_WARN_UNGUARDED_AVAILABILITY = YES_AGGRESSIVE;
				CLANG_WARN_UNREACHABLE_CODE = YES;
				CLANG_WARN__DUPLICATE_METHOD_MATCH = YES;
				CODE_SIGN_IDENTITY = "iPhone Developer";
				COPY_PHASE_STRIP = NO;
				DEBUG_INFORMATION_FORMAT = "dwarf-with-dsym";
				ENABLE_NS_ASSERTIONS = NO;
				ENABLE_STRICT_OBJC_MSGSEND = YES;
				GCC_C_LANGUAGE_STANDARD = gnu11;
				GCC_NO_COMMON_BLOCKS = YES;
				GCC_WARN_64_TO_32_BIT_CONVERSION = YES;
				GCC_WARN_ABOUT_RETURN_TYPE = YES_ERROR;
				GCC_WARN_UNDECLARED_SELECTOR = YES;
				GCC_WARN_UNINITIALIZED_AUTOS = YES_AGGRESSIVE;
				GCC_WARN_UNUSED_FUNCTION = YES;
				GCC_WARN_UNUSED_VARIABLE = YES;
				IPHONEOS_DEPLOYMENT_TARGET = 11.2;
				MTL_ENABLE_DEBUG_INFO = NO;
				SDKROOT = iphoneos;
				VALIDATE_PRODUCT = YES;
			};
			name = Release;
		};
		1277B36F20690D2100327076 /* Debug */ = {
			isa = XCBuildConfiguration;
			buildSettings = {
				ASSETCATALOG_COMPILER_APPICON_NAME = AppIcon;
				CODE_SIGN_STYLE = Automatic;
				INFOPLIST_FILE = TestApp/Info.plist;
				LD_RUNPATH_SEARCH_PATHS = "$(inherited) @executable_path/Frameworks";
				PRODUCT_BUNDLE_IDENTIFIER = www.baidu.com.TestApp;
				PRODUCT_NAME = "$(TARGET_NAME)";
				TARGETED_DEVICE_FAMILY = "1,2";
			};
			name = Debug;
		};
		1277B37020690D2100327076 /* Release */ = {
			isa = XCBuildConfiguration;
			buildSettings = {
				ASSETCATALOG_COMPILER_APPICON_NAME = AppIcon;
				CODE_SIGN_STYLE = Automatic;
				INFOPLIST_FILE = TestApp/Info.plist;
				LD_RUNPATH_SEARCH_PATHS = "$(inherited) @executable_path/Frameworks";
				PRODUCT_BUNDLE_IDENTIFIER = www.baidu.com.TestApp;
				PRODUCT_NAME = "$(TARGET_NAME)";
				TARGETED_DEVICE_FAMILY = "1,2";
			};
			name = Release;
		};
		1277B37220690D2100327076 /* Debug */ = {
			isa = XCBuildConfiguration;
			buildSettings = {
				BUNDLE_LOADER = "$(TEST_HOST)";
				CODE_SIGN_STYLE = Automatic;
				INFOPLIST_FILE = TestAppTests/Info.plist;
				LD_RUNPATH_SEARCH_PATHS = "$(inherited) @executable_path/Frameworks @loader_path/Frameworks";
				PRODUCT_BUNDLE_IDENTIFIER = www.baidu.com.TestAppTests;
				PRODUCT_NAME = "$(TARGET_NAME)";
				TARGETED_DEVICE_FAMILY = "1,2";
				TEST_HOST = "$(BUILT_PRODUCTS_DIR)/TestApp.app/TestApp";
			};
			name = Debug;
		};
		1277B37320690D2100327076 /* Release */ = {
			isa = XCBuildConfiguration;
			buildSettings = {
				BUNDLE_LOADER = "$(TEST_HOST)";
				CODE_SIGN_STYLE = Automatic;
				INFOPLIST_FILE = TestAppTests/Info.plist;
				LD_RUNPATH_SEARCH_PATHS = "$(inherited) @executable_path/Frameworks @loader_path/Frameworks";
				PRODUCT_BUNDLE_IDENTIFIER = www.baidu.com.TestAppTests;
				PRODUCT_NAME = "$(TARGET_NAME)";
				TARGETED_DEVICE_FAMILY = "1,2";
				TEST_HOST = "$(BUILT_PRODUCTS_DIR)/TestApp.app/TestApp";
			};
			name = Release;
		};
		1277B37520690D2100327076 /* Debug */ = {
			isa = XCBuildConfiguration;
			buildSettings = {
				CODE_SIGN_STYLE = Automatic;
				INFOPLIST_FILE = TestAppUITests/Info.plist;
				LD_RUNPATH_SEARCH_PATHS = "$(inherited) @executable_path/Frameworks @loader_path/Frameworks";
				PRODUCT_BUNDLE_IDENTIFIER = www.baidu.com.TestAppUITests;
				PRODUCT_NAME = "$(TARGET_NAME)";
				TARGETED_DEVICE_FAMILY = "1,2";
				TEST_TARGET_NAME = TestApp;
			};
			name = Debug;
		};
		1277B37620690D2100327076 /* Release */ = {
			isa = XCBuildConfiguration;
			buildSettings = {
				CODE_SIGN_STYLE = Automatic;
				INFOPLIST_FILE = TestAppUITests/Info.plist;
				LD_RUNPATH_SEARCH_PATHS = "$(inherited) @executable_path/Frameworks @loader_path/Frameworks";
				PRODUCT_BUNDLE_IDENTIFIER = www.baidu.com.TestAppUITests;
				PRODUCT_NAME = "$(TARGET_NAME)";
				TARGETED_DEVICE_FAMILY = "1,2";
				TEST_TARGET_NAME = TestApp;
			};
			name = Release;
		};
/* End XCBuildConfiguration section */

/* Begin XCConfigurationList section */
		1277B33D20690D2100327076 /* Build configuration list for PBXProject "TestApp" */ = {
			isa = XCConfigurationList;
			buildConfigurations = (
				1277B36C20690D2100327076 /* Debug */,
				1277B36D20690D2100327076 /* Release */,
			);
			defaultConfigurationIsVisible = 0;
			defaultConfigurationName = Release;
		};
		1277B36E20690D2100327076 /* Build configuration list for PBXNativeTarget "TestApp" */ = {
			isa = XCConfigurationList;
			buildConfigurations = (
				1277B36F20690D2100327076 /* Debug */,
				1277B37020690D2100327076 /* Release */,
			);
			defaultConfigurationIsVisible = 0;
			defaultConfigurationName = Release;
		};
		1277B37120690D2100327076 /* Build configuration list for PBXNativeTarget "TestAppTests" */ = {
			isa = XCConfigurationList;
			buildConfigurations = (
				1277B37220690D2100327076 /* Debug */,
				1277B37320690D2100327076 /* Release */,
			);
			defaultConfigurationIsVisible = 0;
			defaultConfigurationName = Release;
		};
		1277B37420690D2100327076 /* Build configuration list for PBXNativeTarget "TestAppUITests" */ = {
			isa = XCConfigurationList;
			buildConfigurations = (
				1277B37520690D2100327076 /* Debug */,
				1277B37620690D2100327076 /* Release */,
			);
			defaultConfigurationIsVisible = 0;
			defaultConfigurationName = Release;
		};
/* End XCConfigurationList section */
	};
	rootObject = 1277B33A20690D2100327076 /* Project object */;
}
